// !$*UTF8*$!
{
	archiveVersion = 1;
	classes = {
	};
	objectVersion = 50;
	objects = {

/* Begin PBXBuildFile section */
		031D358825E460DB00F05384 /* CoreDataStack.swift in Sources */ = {isa = PBXBuildFile; fileRef = 031D358725E460DB00F05384 /* CoreDataStack.swift */; };
		031D358D25E481CA00F05384 /* RecipeListTableViewController.swift in Sources */ = {isa = PBXBuildFile; fileRef = 031D358C25E481CA00F05384 /* RecipeListTableViewController.swift */; };
		031D359025E4833900F05384 /* RecipeDetailTableViewController.swift in Sources */ = {isa = PBXBuildFile; fileRef = 031D358F25E4833900F05384 /* RecipeDetailTableViewController.swift */; };
		031D359425E484CB00F05384 /* RecipeTableViewCell.swift in Sources */ = {isa = PBXBuildFile; fileRef = 031D359325E484CB00F05384 /* RecipeTableViewCell.swift */; };
		031D35AF25E5915700F05384 /* Image+Convenience.swift in Sources */ = {isa = PBXBuildFile; fileRef = 031D35AE25E5915700F05384 /* Image+Convenience.swift */; };
		038E69FE25E42F7B00076C73 /* AppDelegate.swift in Sources */ = {isa = PBXBuildFile; fileRef = 038E69FD25E42F7B00076C73 /* AppDelegate.swift */; };
		038E6A0025E42F7B00076C73 /* SceneDelegate.swift in Sources */ = {isa = PBXBuildFile; fileRef = 038E69FF25E42F7B00076C73 /* SceneDelegate.swift */; };
		038E6A0525E42F7B00076C73 /* Main.storyboard in Resources */ = {isa = PBXBuildFile; fileRef = 038E6A0325E42F7B00076C73 /* Main.storyboard */; };
		038E6A0825E42F7B00076C73 /* MyDigitalCookbook.xcdatamodeld in Sources */ = {isa = PBXBuildFile; fileRef = 038E6A0625E42F7B00076C73 /* MyDigitalCookbook.xcdatamodeld */; };
		038E6A0A25E42F7E00076C73 /* Assets.xcassets in Resources */ = {isa = PBXBuildFile; fileRef = 038E6A0925E42F7E00076C73 /* Assets.xcassets */; };
		038E6A0D25E42F7E00076C73 /* LaunchScreen.storyboard in Resources */ = {isa = PBXBuildFile; fileRef = 038E6A0B25E42F7E00076C73 /* LaunchScreen.storyboard */; };
		038E6A1D25E42FCE00076C73 /* CloudKit.framework in Frameworks */ = {isa = PBXBuildFile; fileRef = 038E6A1C25E42FCE00076C73 /* CloudKit.framework */; };
		038E6A2325E4346500076C73 /* Recipe+Convenience.swift in Sources */ = {isa = PBXBuildFile; fileRef = 038E6A2225E4346500076C73 /* Recipe+Convenience.swift */; };
		038E6A2725E43F9C00076C73 /* RecipeController.swift in Sources */ = {isa = PBXBuildFile; fileRef = 038E6A2625E43F9C00076C73 /* RecipeController.swift */; };
/* End PBXBuildFile section */

/* Begin PBXFileReference section */
		031D358725E460DB00F05384 /* CoreDataStack.swift */ = {isa = PBXFileReference; lastKnownFileType = sourcecode.swift; path = CoreDataStack.swift; sourceTree = "<group>"; };
		031D358C25E481CA00F05384 /* RecipeListTableViewController.swift */ = {isa = PBXFileReference; lastKnownFileType = sourcecode.swift; path = RecipeListTableViewController.swift; sourceTree = "<group>"; };
		031D358F25E4833900F05384 /* RecipeDetailTableViewController.swift */ = {isa = PBXFileReference; lastKnownFileType = sourcecode.swift; path = RecipeDetailTableViewController.swift; sourceTree = "<group>"; };
		031D359325E484CB00F05384 /* RecipeTableViewCell.swift */ = {isa = PBXFileReference; lastKnownFileType = sourcecode.swift; path = RecipeTableViewCell.swift; sourceTree = "<group>"; };
		031D35AE25E5915700F05384 /* Image+Convenience.swift */ = {isa = PBXFileReference; lastKnownFileType = sourcecode.swift; path = "Image+Convenience.swift"; sourceTree = "<group>"; };
		038E69FA25E42F7B00076C73 /* MyDigitalCookbook.app */ = {isa = PBXFileReference; explicitFileType = wrapper.application; includeInIndex = 0; path = MyDigitalCookbook.app; sourceTree = BUILT_PRODUCTS_DIR; };
		038E69FD25E42F7B00076C73 /* AppDelegate.swift */ = {isa = PBXFileReference; lastKnownFileType = sourcecode.swift; path = AppDelegate.swift; sourceTree = "<group>"; };
		038E69FF25E42F7B00076C73 /* SceneDelegate.swift */ = {isa = PBXFileReference; lastKnownFileType = sourcecode.swift; path = SceneDelegate.swift; sourceTree = "<group>"; };
		038E6A0425E42F7B00076C73 /* Base */ = {isa = PBXFileReference; lastKnownFileType = file.storyboard; name = Base; path = Base.lproj/Main.storyboard; sourceTree = "<group>"; };
		038E6A0725E42F7B00076C73 /* MyDigitalCookbook.xcdatamodel */ = {isa = PBXFileReference; lastKnownFileType = wrapper.xcdatamodel; path = MyDigitalCookbook.xcdatamodel; sourceTree = "<group>"; };
		038E6A0925E42F7E00076C73 /* Assets.xcassets */ = {isa = PBXFileReference; lastKnownFileType = folder.assetcatalog; path = Assets.xcassets; sourceTree = "<group>"; };
		038E6A0C25E42F7E00076C73 /* Base */ = {isa = PBXFileReference; lastKnownFileType = file.storyboard; name = Base; path = Base.lproj/LaunchScreen.storyboard; sourceTree = "<group>"; };
		038E6A0E25E42F7E00076C73 /* Info.plist */ = {isa = PBXFileReference; lastKnownFileType = text.plist.xml; path = Info.plist; sourceTree = "<group>"; };
		038E6A1A25E42FC900076C73 /* MyDigitalCookbook.entitlements */ = {isa = PBXFileReference; lastKnownFileType = text.plist.entitlements; path = MyDigitalCookbook.entitlements; sourceTree = "<group>"; };
		038E6A1C25E42FCE00076C73 /* CloudKit.framework */ = {isa = PBXFileReference; lastKnownFileType = wrapper.framework; name = CloudKit.framework; path = System/Library/Frameworks/CloudKit.framework; sourceTree = SDKROOT; };
		038E6A2225E4346500076C73 /* Recipe+Convenience.swift */ = {isa = PBXFileReference; lastKnownFileType = sourcecode.swift; path = "Recipe+Convenience.swift"; sourceTree = "<group>"; };
		038E6A2625E43F9C00076C73 /* RecipeController.swift */ = {isa = PBXFileReference; lastKnownFileType = sourcecode.swift; path = RecipeController.swift; sourceTree = "<group>"; };
/* End PBXFileReference section */

/* Begin PBXFrameworksBuildPhase section */
		038E69F725E42F7B00076C73 /* Frameworks */ = {
			isa = PBXFrameworksBuildPhase;
			buildActionMask = 2147483647;
			files = (
				038E6A1D25E42FCE00076C73 /* CloudKit.framework in Frameworks */,
			);
			runOnlyForDeploymentPostprocessing = 0;
		};
/* End PBXFrameworksBuildPhase section */

/* Begin PBXGroup section */
		031D359225E484B200F05384 /* Custom Cell */ = {
			isa = PBXGroup;
			children = (
				031D359325E484CB00F05384 /* RecipeTableViewCell.swift */,
			);
			path = "Custom Cell";
			sourceTree = "<group>";
		};
		038E69F125E42F7B00076C73 = {
			isa = PBXGroup;
			children = (
				038E69FC25E42F7B00076C73 /* MyDigitalCookbook */,
				038E69FB25E42F7B00076C73 /* Products */,
				038E6A1B25E42FCE00076C73 /* Frameworks */,
			);
			sourceTree = "<group>";
		};
		038E69FB25E42F7B00076C73 /* Products */ = {
			isa = PBXGroup;
			children = (
				038E69FA25E42F7B00076C73 /* MyDigitalCookbook.app */,
			);
			name = Products;
			sourceTree = "<group>";
		};
		038E69FC25E42F7B00076C73 /* MyDigitalCookbook */ = {
			isa = PBXGroup;
			children = (
				038E6A2125E431DC00076C73 /* Core Data */,
				038E6A2525E4371200076C73 /* Controllers */,
				038E6A1A25E42FC900076C73 /* MyDigitalCookbook.entitlements */,
				038E6A1825E42FA500076C73 /* Views */,
				038E6A1525E42F9600076C73 /* Resources */,
			);
			path = MyDigitalCookbook;
			sourceTree = "<group>";
		};
		038E6A1525E42F9600076C73 /* Resources */ = {
			isa = PBXGroup;
			children = (
				038E69FD25E42F7B00076C73 /* AppDelegate.swift */,
				038E69FF25E42F7B00076C73 /* SceneDelegate.swift */,
				038E6A0925E42F7E00076C73 /* Assets.xcassets */,
				038E6A0E25E42F7E00076C73 /* Info.plist */,
			);
			path = Resources;
			sourceTree = "<group>";
		};
		038E6A1725E42FA000076C73 /* Storyboards */ = {
			isa = PBXGroup;
			children = (
				038E6A0325E42F7B00076C73 /* Main.storyboard */,
				038E6A0B25E42F7E00076C73 /* LaunchScreen.storyboard */,
			);
			path = Storyboards;
			sourceTree = "<group>";
		};
		038E6A1825E42FA500076C73 /* Views */ = {
			isa = PBXGroup;
			children = (
				031D359225E484B200F05384 /* Custom Cell */,
				038E6A1725E42FA000076C73 /* Storyboards */,
			);
			path = Views;
			sourceTree = "<group>";
		};
		038E6A1B25E42FCE00076C73 /* Frameworks */ = {
			isa = PBXGroup;
			children = (
				038E6A1C25E42FCE00076C73 /* CloudKit.framework */,
			);
			name = Frameworks;
			sourceTree = "<group>";
		};
		038E6A2125E431DC00076C73 /* Core Data */ = {
			isa = PBXGroup;
			children = (
				031D358725E460DB00F05384 /* CoreDataStack.swift */,
				038E6A0625E42F7B00076C73 /* MyDigitalCookbook.xcdatamodeld */,
				038E6A2225E4346500076C73 /* Recipe+Convenience.swift */,
				031D35AE25E5915700F05384 /* Image+Convenience.swift */,
			);
			path = "Core Data";
			sourceTree = "<group>";
		};
		038E6A2525E4371200076C73 /* Controllers */ = {
			isa = PBXGroup;
			children = (
				038E6A2C25E43FAF00076C73 /* View Controllers */,
				038E6A2A25E43FA100076C73 /* Model Controller */,
			);
			path = Controllers;
			sourceTree = "<group>";
		};
		038E6A2A25E43FA100076C73 /* Model Controller */ = {
			isa = PBXGroup;
			children = (
				038E6A2625E43F9C00076C73 /* RecipeController.swift */,
			);
			path = "Model Controller";
			sourceTree = "<group>";
		};
		038E6A2C25E43FAF00076C73 /* View Controllers */ = {
			isa = PBXGroup;
			children = (
				031D358C25E481CA00F05384 /* RecipeListTableViewController.swift */,
				031D358F25E4833900F05384 /* RecipeDetailTableViewController.swift */,
			);
			path = "View Controllers";
			sourceTree = "<group>";
		};
/* End PBXGroup section */

/* Begin PBXNativeTarget section */
		038E69F925E42F7B00076C73 /* MyDigitalCookbook */ = {
			isa = PBXNativeTarget;
			buildConfigurationList = 038E6A1125E42F7E00076C73 /* Build configuration list for PBXNativeTarget "MyDigitalCookbook" */;
			buildPhases = (
				038E69F625E42F7B00076C73 /* Sources */,
				038E69F725E42F7B00076C73 /* Frameworks */,
				038E69F825E42F7B00076C73 /* Resources */,
			);
			buildRules = (
			);
			dependencies = (
			);
			name = MyDigitalCookbook;
			productName = MyDigitalCookbook;
			productReference = 038E69FA25E42F7B00076C73 /* MyDigitalCookbook.app */;
			productType = "com.apple.product-type.application";
		};
/* End PBXNativeTarget section */

/* Begin PBXProject section */
		038E69F225E42F7B00076C73 /* Project object */ = {
			isa = PBXProject;
			attributes = {
				LastSwiftUpdateCheck = 1240;
				LastUpgradeCheck = 1240;
				TargetAttributes = {
					038E69F925E42F7B00076C73 = {
						CreatedOnToolsVersion = 12.4;
					};
				};
			};
			buildConfigurationList = 038E69F525E42F7B00076C73 /* Build configuration list for PBXProject "MyDigitalCookbook" */;
			compatibilityVersion = "Xcode 9.3";
			developmentRegion = en;
			hasScannedForEncodings = 0;
			knownRegions = (
				en,
				Base,
			);
			mainGroup = 038E69F125E42F7B00076C73;
			productRefGroup = 038E69FB25E42F7B00076C73 /* Products */;
			projectDirPath = "";
			projectRoot = "";
			targets = (
				038E69F925E42F7B00076C73 /* MyDigitalCookbook */,
			);
		};
/* End PBXProject section */

/* Begin PBXResourcesBuildPhase section */
		038E69F825E42F7B00076C73 /* Resources */ = {
			isa = PBXResourcesBuildPhase;
			buildActionMask = 2147483647;
			files = (
				038E6A0D25E42F7E00076C73 /* LaunchScreen.storyboard in Resources */,
				038E6A0A25E42F7E00076C73 /* Assets.xcassets in Resources */,
				038E6A0525E42F7B00076C73 /* Main.storyboard in Resources */,
			);
			runOnlyForDeploymentPostprocessing = 0;
		};
/* End PBXResourcesBuildPhase section */

/* Begin PBXSourcesBuildPhase section */
		038E69F625E42F7B00076C73 /* Sources */ = {
			isa = PBXSourcesBuildPhase;
			buildActionMask = 2147483647;
			files = (
				038E6A0825E42F7B00076C73 /* MyDigitalCookbook.xcdatamodeld in Sources */,
				038E69FE25E42F7B00076C73 /* AppDelegate.swift in Sources */,
				031D359025E4833900F05384 /* RecipeDetailTableViewController.swift in Sources */,
				031D359425E484CB00F05384 /* RecipeTableViewCell.swift in Sources */,
				038E6A0025E42F7B00076C73 /* SceneDelegate.swift in Sources */,
				031D358825E460DB00F05384 /* CoreDataStack.swift in Sources */,
				031D358D25E481CA00F05384 /* RecipeListTableViewController.swift in Sources */,
				031D35AF25E5915700F05384 /* Image+Convenience.swift in Sources */,
				038E6A2725E43F9C00076C73 /* RecipeController.swift in Sources */,
				038E6A2325E4346500076C73 /* Recipe+Convenience.swift in Sources */,
			);
			runOnlyForDeploymentPostprocessing = 0;
		};
/* End PBXSourcesBuildPhase section */

/* Begin PBXVariantGroup section */
		038E6A0325E42F7B00076C73 /* Main.storyboard */ = {
			isa = PBXVariantGroup;
			children = (
				038E6A0425E42F7B00076C73 /* Base */,
			);
			name = Main.storyboard;
			sourceTree = "<group>";
		};
		038E6A0B25E42F7E00076C73 /* LaunchScreen.storyboard */ = {
			isa = PBXVariantGroup;
			children = (
				038E6A0C25E42F7E00076C73 /* Base */,
			);
			name = LaunchScreen.storyboard;
			sourceTree = "<group>";
		};
/* End PBXVariantGroup section */

/* Begin XCBuildConfiguration section */
		038E6A0F25E42F7E00076C73 /* Debug */ = {
			isa = XCBuildConfiguration;
			buildSettings = {
				ALWAYS_SEARCH_USER_PATHS = NO;
				CLANG_ANALYZER_NONNULL = YES;
				CLANG_ANALYZER_NUMBER_OBJECT_CONVERSION = YES_AGGRESSIVE;
				CLANG_CXX_LANGUAGE_STANDARD = "gnu++14";
				CLANG_CXX_LIBRARY = "libc++";
				CLANG_ENABLE_MODULES = YES;
				CLANG_ENABLE_OBJC_ARC = YES;
				CLANG_ENABLE_OBJC_WEAK = YES;
				CLANG_WARN_BLOCK_CAPTURE_AUTORELEASING = YES;
				CLANG_WARN_BOOL_CONVERSION = YES;
				CLANG_WARN_COMMA = YES;
				CLANG_WARN_CONSTANT_CONVERSION = YES;
				CLANG_WARN_DEPRECATED_OBJC_IMPLEMENTATIONS = YES;
				CLANG_WARN_DIRECT_OBJC_ISA_USAGE = YES_ERROR;
				CLANG_WARN_DOCUMENTATION_COMMENTS = YES;
				CLANG_WARN_EMPTY_BODY = YES;
				CLANG_WARN_ENUM_CONVERSION = YES;
				CLANG_WARN_INFINITE_RECURSION = YES;
				CLANG_WARN_INT_CONVERSION = YES;
				CLANG_WARN_NON_LITERAL_NULL_CONVERSION = YES;
				CLANG_WARN_OBJC_IMPLICIT_RETAIN_SELF = YES;
				CLANG_WARN_OBJC_LITERAL_CONVERSION = YES;
				CLANG_WARN_OBJC_ROOT_CLASS = YES_ERROR;
				CLANG_WARN_QUOTED_INCLUDE_IN_FRAMEWORK_HEADER = YES;
				CLANG_WARN_RANGE_LOOP_ANALYSIS = YES;
				CLANG_WARN_STRICT_PROTOTYPES = YES;
				CLANG_WARN_SUSPICIOUS_MOVE = YES;
				CLANG_WARN_UNGUARDED_AVAILABILITY = YES_AGGRESSIVE;
				CLANG_WARN_UNREACHABLE_CODE = YES;
				CLANG_WARN__DUPLICATE_METHOD_MATCH = YES;
				COPY_PHASE_STRIP = NO;
				DEBUG_INFORMATION_FORMAT = dwarf;
				ENABLE_STRICT_OBJC_MSGSEND = YES;
				ENABLE_TESTABILITY = YES;
				GCC_C_LANGUAGE_STANDARD = gnu11;
				GCC_DYNAMIC_NO_PIC = NO;
				GCC_NO_COMMON_BLOCKS = YES;
				GCC_OPTIMIZATION_LEVEL = 0;
				GCC_PREPROCESSOR_DEFINITIONS = (
					"DEBUG=1",
					"$(inherited)",
				);
				GCC_WARN_64_TO_32_BIT_CONVERSION = YES;
				GCC_WARN_ABOUT_RETURN_TYPE = YES_ERROR;
				GCC_WARN_UNDECLARED_SELECTOR = YES;
				GCC_WARN_UNINITIALIZED_AUTOS = YES_AGGRESSIVE;
				GCC_WARN_UNUSED_FUNCTION = YES;
				GCC_WARN_UNUSED_VARIABLE = YES;
				IPHONEOS_DEPLOYMENT_TARGET = 14.4;
				MTL_ENABLE_DEBUG_INFO = INCLUDE_SOURCE;
				MTL_FAST_MATH = YES;
				ONLY_ACTIVE_ARCH = YES;
				SDKROOT = iphoneos;
				SWIFT_ACTIVE_COMPILATION_CONDITIONS = DEBUG;
				SWIFT_OPTIMIZATION_LEVEL = "-Onone";
			};
			name = Debug;
		};
		038E6A1025E42F7E00076C73 /* Release */ = {
			isa = XCBuildConfiguration;
			buildSettings = {
				ALWAYS_SEARCH_USER_PATHS = NO;
				CLANG_ANALYZER_NONNULL = YES;
				CLANG_ANALYZER_NUMBER_OBJECT_CONVERSION = YES_AGGRESSIVE;
				CLANG_CXX_LANGUAGE_STANDARD = "gnu++14";
				CLANG_CXX_LIBRARY = "libc++";
				CLANG_ENABLE_MODULES = YES;
				CLANG_ENABLE_OBJC_ARC = YES;
				CLANG_ENABLE_OBJC_WEAK = YES;
				CLANG_WARN_BLOCK_CAPTURE_AUTORELEASING = YES;
				CLANG_WARN_BOOL_CONVERSION = YES;
				CLANG_WARN_COMMA = YES;
				CLANG_WARN_CONSTANT_CONVERSION = YES;
				CLANG_WARN_DEPRECATED_OBJC_IMPLEMENTATIONS = YES;
				CLANG_WARN_DIRECT_OBJC_ISA_USAGE = YES_ERROR;
				CLANG_WARN_DOCUMENTATION_COMMENTS = YES;
				CLANG_WARN_EMPTY_BODY = YES;
				CLANG_WARN_ENUM_CONVERSION = YES;
				CLANG_WARN_INFINITE_RECURSION = YES;
				CLANG_WARN_INT_CONVERSION = YES;
				CLANG_WARN_NON_LITERAL_NULL_CONVERSION = YES;
				CLANG_WARN_OBJC_IMPLICIT_RETAIN_SELF = YES;
				CLANG_WARN_OBJC_LITERAL_CONVERSION = YES;
				CLANG_WARN_OBJC_ROOT_CLASS = YES_ERROR;
				CLANG_WARN_QUOTED_INCLUDE_IN_FRAMEWORK_HEADER = YES;
				CLANG_WARN_RANGE_LOOP_ANALYSIS = YES;
				CLANG_WARN_STRICT_PROTOTYPES = YES;
				CLANG_WARN_SUSPICIOUS_MOVE = YES;
				CLANG_WARN_UNGUARDED_AVAILABILITY = YES_AGGRESSIVE;
				CLANG_WARN_UNREACHABLE_CODE = YES;
				CLANG_WARN__DUPLICATE_METHOD_MATCH = YES;
				COPY_PHASE_STRIP = NO;
				DEBUG_INFORMATION_FORMAT = "dwarf-with-dsym";
				ENABLE_NS_ASSERTIONS = NO;
				ENABLE_STRICT_OBJC_MSGSEND = YES;
				GCC_C_LANGUAGE_STANDARD = gnu11;
				GCC_NO_COMMON_BLOCKS = YES;
				GCC_WARN_64_TO_32_BIT_CONVERSION = YES;
				GCC_WARN_ABOUT_RETURN_TYPE = YES_ERROR;
				GCC_WARN_UNDECLARED_SELECTOR = YES;
				GCC_WARN_UNINITIALIZED_AUTOS = YES_AGGRESSIVE;
				GCC_WARN_UNUSED_FUNCTION = YES;
				GCC_WARN_UNUSED_VARIABLE = YES;
				IPHONEOS_DEPLOYMENT_TARGET = 14.4;
				MTL_ENABLE_DEBUG_INFO = NO;
				MTL_FAST_MATH = YES;
				SDKROOT = iphoneos;
				SWIFT_COMPILATION_MODE = wholemodule;
				SWIFT_OPTIMIZATION_LEVEL = "-O";
				VALIDATE_PRODUCT = YES;
			};
			name = Release;
		};
		038E6A1225E42F7E00076C73 /* Debug */ = {
			isa = XCBuildConfiguration;
			buildSettings = {
				ASSETCATALOG_COMPILER_APPICON_NAME = AppIcon;
				ASSETCATALOG_COMPILER_GLOBAL_ACCENT_COLOR_NAME = AccentColor;
				CODE_SIGN_ENTITLEMENTS = MyDigitalCookbook/MyDigitalCookbook.entitlements;
				CODE_SIGN_STYLE = Automatic;
				DEVELOPMENT_TEAM = 9J63HYQ843;
				INFOPLIST_FILE = MyDigitalCookbook/Resources/Info.plist;
				LD_RUNPATH_SEARCH_PATHS = (
					"$(inherited)",
					"@executable_path/Frameworks",
				);
				PRODUCT_BUNDLE_IDENTIFIER = com.devinflora.MyDigitalCookbook;
				PRODUCT_NAME = "$(TARGET_NAME)";
				SWIFT_VERSION = 5.0;
				TARGETED_DEVICE_FAMILY = "1,2";
			};
			name = Debug;
		};
		038E6A1325E42F7E00076C73 /* Release */ = {
			isa = XCBuildConfiguration;
			buildSettings = {
				ASSETCATALOG_COMPILER_APPICON_NAME = AppIcon;
				ASSETCATALOG_COMPILER_GLOBAL_ACCENT_COLOR_NAME = AccentColor;
				CODE_SIGN_ENTITLEMENTS = MyDigitalCookbook/MyDigitalCookbook.entitlements;
				CODE_SIGN_STYLE = Automatic;
				DEVELOPMENT_TEAM = 9J63HYQ843;
				INFOPLIST_FILE = MyDigitalCookbook/Resources/Info.plist;
				LD_RUNPATH_SEARCH_PATHS = (
					"$(inherited)",
					"@executable_path/Frameworks",
				);
				PRODUCT_BUNDLE_IDENTIFIER = com.devinflora.MyDigitalCookbook;
				PRODUCT_NAME = "$(TARGET_NAME)";
				SWIFT_VERSION = 5.0;
				TARGETED_DEVICE_FAMILY = "1,2";
			};
			name = Release;
		};
/* End XCBuildConfiguration section */

/* Begin XCConfigurationList section */
		038E69F525E42F7B00076C73 /* Build configuration list for PBXProject "MyDigitalCookbook" */ = {
			isa = XCConfigurationList;
			buildConfigurations = (
				038E6A0F25E42F7E00076C73 /* Debug */,
				038E6A1025E42F7E00076C73 /* Release */,
			);
			defaultConfigurationIsVisible = 0;
			defaultConfigurationName = Release;
		};
		038E6A1125E42F7E00076C73 /* Build configuration list for PBXNativeTarget "MyDigitalCookbook" */ = {
			isa = XCConfigurationList;
			buildConfigurations = (
				038E6A1225E42F7E00076C73 /* Debug */,
				038E6A1325E42F7E00076C73 /* Release */,
			);
			defaultConfigurationIsVisible = 0;
			defaultConfigurationName = Release;
		};
/* End XCConfigurationList section */

/* Begin XCVersionGroup section */
		038E6A0625E42F7B00076C73 /* MyDigitalCookbook.xcdatamodeld */ = {
			isa = XCVersionGroup;
			children = (
				038E6A0725E42F7B00076C73 /* MyDigitalCookbook.xcdatamodel */,
			);
			currentVersion = 038E6A0725E42F7B00076C73 /* MyDigitalCookbook.xcdatamodel */;
			path = MyDigitalCookbook.xcdatamodeld;
			sourceTree = "<group>";
			versionGroupType = wrapper.xcdatamodel;
		};
/* End XCVersionGroup section */
	};
	rootObject = 038E69F225E42F7B00076C73 /* Project object */;
}
